<?xml version="1.0" encoding="utf-8"?>
<Project ToolsVersion="4.0" xmlns="http://schemas.microsoft.com/developer/msbuild/2003">
  <ItemGroup>
    <Filter Include="Headers">
      <UniqueIdentifier>{1db2b41f-7316-4329-85a3-ab57a26a7cb5}</UniqueIdentifier>
    </Filter>
    <Filter Include="LogPrinter">
      <UniqueIdentifier>{aeb7541f-8c81-4434-915e-d8e1eabc135d}</UniqueIdentifier>
    </Filter>
    <Filter Include="Models">
      <UniqueIdentifier>{3eb26f98-ae04-46df-9207-deb1d5cdbebd}</UniqueIdentifier>
    </Filter>
    <Filter Include="DataReaderFromFiles">
      <UniqueIdentifier>{7b393d23-1c74-40c0-849f-cf38d372b1d9}</UniqueIdentifier>
    </Filter>
    <Filter Include="Dilations">
      <UniqueIdentifier>{05aacdfe-8ee2-44e1-87de-50bdd8dcb46a}</UniqueIdentifier>
    </Filter>
    <Filter Include="Common">
      <UniqueIdentifier>{ad8518a0-43bd-4be9-888d-315da9d22529}</UniqueIdentifier>
    </Filter>
    <Filter Include="Checkers">
      <UniqueIdentifier>{675a52cc-82a2-4695-9afa-272d4b24e901}</UniqueIdentifier>
    </Filter>
    <Filter Include="LevelDiscretization">
      <UniqueIdentifier>{297c6bd7-46b3-4b9a-b961-51fc35587939}</UniqueIdentifier>
    </Filter>
    <Filter Include="CCL">
      <UniqueIdentifier>{0ff2eb78-60b2-463a-a004-b2019380364c}</UniqueIdentifier>
    </Filter>
    <Filter Include="Segmentation">
      <UniqueIdentifier>{f8d473a3-4890-415d-82b9-7193b1c82130}</UniqueIdentifier>
    </Filter>
    <Filter Include="Assistants">
      <UniqueIdentifier>{c621fb91-a243-4a2b-9e60-322eb6d7368b}</UniqueIdentifier>
    </Filter>
    <Filter Include="Monitor">
      <UniqueIdentifier>{dc8c7f8f-2c45-435d-ad26-40b65b9bf526}</UniqueIdentifier>
    </Filter>
    <Filter Include="Validation">
      <UniqueIdentifier>{951d2b82-5408-4564-a268-d7fe97c6e76b}</UniqueIdentifier>
    </Filter>
    <Filter Include="Init">
      <UniqueIdentifier>{b0fab0ca-275c-4cf0-a26b-d1d1c362ebf6}</UniqueIdentifier>
    </Filter>
    <Filter Include="Detector">
      <UniqueIdentifier>{534ba27a-1193-4509-98ed-5f3bfd7871f9}</UniqueIdentifier>
    </Filter>
    <Filter Include="Network">
      <UniqueIdentifier>{5fdf6299-8011-4e81-a87d-c734f1f10e20}</UniqueIdentifier>
    </Filter>
  </ItemGroup>
  <ItemGroup>
    <ClInclude Include="Headers\GlobalMainHeaders.h">
      <Filter>Headers</Filter>
    </ClInclude>
    <ClInclude Include="LogPrinter\LogPrinter.hpp">
      <Filter>LogPrinter</Filter>
    </ClInclude>
    <ClInclude Include="Models\LogLevel.hpp">
      <Filter>Models</Filter>
    </ClInclude>
    <ClInclude Include="DataReaderFromeFiles\BinaryFileReader.hpp">
      <Filter>DataReaderFromFiles</Filter>
    </ClInclude>
    <ClInclude Include="Dilations\DilatetionOnCPU.hpp">
      <Filter>Dilations</Filter>
    </ClInclude>
    <ClInclude Include="Common\Util.h">
      <Filter>Common</Filter>
    </ClInclude>
    <ClInclude Include="LevelDiscretization\LevelDiscretizationOnCPU.hpp">
      <Filter>LevelDiscretization</Filter>
    </ClInclude>
    <ClInclude Include="LevelDiscretization\LevelDiscretizationKernel.cuh">
      <Filter>LevelDiscretization</Filter>
    </ClInclude>
    <ClInclude Include="Checkers\CheckDiff.hpp">
      <Filter>Checkers</Filter>
    </ClInclude>
    <ClInclude Include="Assistants\ShowFrame.hpp">
      <Filter>Assistants</Filter>
    </ClInclude>
    <ClInclude Include="Models\FourLimits.h">
      <Filter>Models</Filter>
    </ClInclude>
    <ClInclude Include="Models\Point.h">
      <Filter>Models</Filter>
    </ClInclude>
    <ClInclude Include="Models\ObjectRect.h">
      <Filter>Models</Filter>
    </ClInclude>
    <ClInclude Include="Checkers\CheckCUDAReturnStatus.h">
      <Filter>Checkers</Filter>
    </ClInclude>
    <ClInclude Include="Checkers\CheckPerf.h">
      <Filter>Checkers</Filter>
    </ClInclude>
    <ClInclude Include="Monitor\Monitor.hpp">
      <Filter>Monitor</Filter>
    </ClInclude>
    <ClInclude Include="Init\Init.hpp">
      <Filter>Init</Filter>
    </ClInclude>
    <ClInclude Include="CCL\MeshCCLKernelD.cuh">
      <Filter>CCL</Filter>
    </ClInclude>
    <ClInclude Include="CCL\MeshCCLOnCPU.hpp">
      <Filter>CCL</Filter>
    </ClInclude>
    <ClInclude Include="Dilations\DilatetionKernel.cuh">
      <Filter>Dilations</Filter>
    </ClInclude>
    <ClInclude Include="Monitor\Filter.hpp">
      <Filter>Monitor</Filter>
    </ClInclude>
    <ClInclude Include="Validation\CorrectnessValidation.hpp">
      <Filter>Validation</Filter>
    </ClInclude>
    <ClInclude Include="Validation\PerformanceValidation.hpp">
      <Filter>Validation</Filter>
    </ClInclude>
    <ClInclude Include="Segmentation\segementationHelper.h">
      <Filter>Segmentation</Filter>
    </ClInclude>
    <ClInclude Include="Validation\Validation.h">
      <Filter>Validation</Filter>
    </ClInclude>
    <ClInclude Include="Models\FourLimitsWithScore.hpp">
      <Filter>Models</Filter>
    </ClInclude>
    <ClInclude Include="Models\FrameDataRingBufferStruct.hpp">
      <Filter>Models</Filter>
    </ClInclude>
    <ClInclude Include="Models\DetectResultRingBufferStruct.hpp">
      <Filter>Models</Filter>
    </ClInclude>
    <ClInclude Include="Network\NetworkTransfer.h">
      <Filter>Network</Filter>
    </ClInclude>
    <ClInclude Include="Models\Confidences.hpp">
      <Filter>Models</Filter>
    </ClInclude>
    <ClInclude Include="Monitor\Tracker.hpp">
      <Filter>Monitor</Filter>
    </ClInclude>
    <ClInclude Include="Models\TargetPosition.hpp">
      <Filter>Models</Filter>
    </ClInclude>
    <ClInclude Include="Validation\trackingValidation.hpp">
      <Filter>Validation</Filter>
    </ClInclude>
    <ClInclude Include="Validation\SearchValidation.hpp">
      <Filter>Validation</Filter>
    </ClInclude>
    <ClInclude Include="Headers\FrameParameters.h">
      <Filter>Headers</Filter>
    </ClInclude>
    <ClInclude Include="Headers\PreProcessParameters.h">
      <Filter>Headers</Filter>
    </ClInclude>
    <ClInclude Include="Network\NetworkHelper.h">
      <Filter>Network</Filter>
    </ClInclude>
    <ClInclude Include="Headers\NetworkParameters.h">
      <Filter>Headers</Filter>
    </ClInclude>
    <ClInclude Include="Monitor\Searcher.hpp">
      <Filter>Monitor</Filter>
    </ClInclude>
    <ClInclude Include="Models\CandidateTargets.hpp">
      <Filter>Models</Filter>
    </ClInclude>
    <ClInclude Include="Headers\SearcherParameters.h">
      <Filter>Headers</Filter>
    </ClInclude>
    <ClInclude Include="Headers\DetectorParameters.h">
      <Filter>Headers</Filter>
    </ClInclude>
    <ClInclude Include="Models\TraceItem.hpp">
      <Filter>Models</Filter>
    </ClInclude>
    <ClInclude Include="Models\Trace.hpp">
      <Filter>Models</Filter>
    </ClInclude>
    <ClInclude Include="Models\DetectedTarget.hpp">
      <Filter>Models</Filter>
    </ClInclude>
  </ItemGroup>
  <ItemGroup>
    <ClCompile Include="main.cpp" />
    <ClCompile Include="Common\SplitBinaryFile.hpp">
      <Filter>Common</Filter>
    </ClCompile>
    <ClCompile Include="Detector\Detector.hpp">
      <Filter>Detector</Filter>
    </ClCompile>
    <ClCompile Include="Validation\Validation.cpp">
      <Filter>Validation</Filter>
    </ClCompile>
    <ClCompile Include="Network\NetworkTransfer.cpp">
      <Filter>Network</Filter>
    </ClCompile>
    <ClCompile Include="Models\DetectResultSegment.hpp">
      <Filter>Models</Filter>
    </ClCompile>
    <ClCompile Include="Network\NetworkHelper.cpp">
      <Filter>Network</Filter>
    </ClCompile>
  </ItemGroup>
  <ItemGroup>
    <CudaCompile Include="Dilations\DilatetionKernel.cu">
      <Filter>Dilations</Filter>
    </CudaCompile>
    <CudaCompile Include="LevelDiscretization\LevelDiscretizationKernel.cu">
      <Filter>LevelDiscretization</Filter>
    </CudaCompile>
    <CudaCompile Include="CCL\MeshCCLKernelD.cu">
      <Filter>CCL</Filter>
    </CudaCompile>
    <CudaCompile Include="Segmentation\segementationHelper.cpp">
      <Filter>Segmentation</Filter>
    </CudaCompile>
  </ItemGroup>
</Project>